{
  "name": "clipcutter",
  "lockfileVersion": 3,
  "requires": true,
  "packages": {
    "": {
      "dependencies": {
        "blindfold": "^1.0.1"
      }
    },
    "node_modules/blindfold": {
      "version": "1.0.1",
      "resolved": "https://registry.npmjs.org/blindfold/-/blindfold-1.0.1.tgz",
      "integrity": "sha512-NakW8CTfyO8lcEUfRKWR0u7R/SFnXsL1mLi64HrU6+XLFAVxLuRziq0ZL8vY1pxzQ5PeKg5dQIDSNJcPGZDVWw==",
      "deprecated": "This package is no longer maintained.",
      "license": "MIT"
    }
  }
}
